// !$*UTF8*$!
{
	archiveVersion = 1;
	classes = {
	};
	objectVersion = 50;
	objects = {

/* Begin PBXBuildFile section */
		7A09DF052208A8AE0043A1DD /* PortfolioController.swift in Sources */ = {isa = PBXBuildFile; fileRef = 7A09DF042208A8AE0043A1DD /* PortfolioController.swift */; };
		7A09DF082208AA1A0043A1DD /* VarelaRound-Regular.ttf in Resources */ = {isa = PBXBuildFile; fileRef = 7A09DF072208AA1A0043A1DD /* VarelaRound-Regular.ttf */; };
		7A09DF0A2208AAEA0043A1DD /* AppearanceHelper.swift in Sources */ = {isa = PBXBuildFile; fileRef = 7A09DF092208AAEA0043A1DD /* AppearanceHelper.swift */; };
		7A09DF0C2208ACDA0043A1DD /* WelcomeViewController.swift in Sources */ = {isa = PBXBuildFile; fileRef = 7A09DF0B2208ACDA0043A1DD /* WelcomeViewController.swift */; };
		7A09DF0E2208CEF70043A1DD /* DetailViewController.swift in Sources */ = {isa = PBXBuildFile; fileRef = 7A09DF0D2208CEF70043A1DD /* DetailViewController.swift */; };
		7A09DF102209051D0043A1DD /* SignupViewController.swift in Sources */ = {isa = PBXBuildFile; fileRef = 7A09DF0F2209051D0043A1DD /* SignupViewController.swift */; };
		7A09DF12220906EA0043A1DD /* Posts.swift in Sources */ = {isa = PBXBuildFile; fileRef = 7A09DF11220906EA0043A1DD /* Posts.swift */; };
		7A09DF142209C1160043A1DD /* PortfolioCellDelegate.swift in Sources */ = {isa = PBXBuildFile; fileRef = 7A09DF132209C1160043A1DD /* PortfolioCellDelegate.swift */; };
		7A74C590220890A700665E4A /* AppDelegate.swift in Sources */ = {isa = PBXBuildFile; fileRef = 7A74C58F220890A700665E4A /* AppDelegate.swift */; };
		7A74C597220890AB00665E4A /* Assets.xcassets in Resources */ = {isa = PBXBuildFile; fileRef = 7A74C596220890AB00665E4A /* Assets.xcassets */; };
		7A74C59A220890AB00665E4A /* LaunchScreen.storyboard in Resources */ = {isa = PBXBuildFile; fileRef = 7A74C598220890AB00665E4A /* LaunchScreen.storyboard */; };
		7A74C5C32208A3B700665E4A /* Main.storyboard in Resources */ = {isa = PBXBuildFile; fileRef = 7A74C5C22208A3B700665E4A /* Main.storyboard */; };
		7A74C5C72208A41A00665E4A /* Users.swift in Sources */ = {isa = PBXBuildFile; fileRef = 7A74C5C52208A41A00665E4A /* Users.swift */; };
		7A74C5C82208A41A00665E4A /* Portfolio.swift in Sources */ = {isa = PBXBuildFile; fileRef = 7A74C5C62208A41A00665E4A /* Portfolio.swift */; };
		7A74C5CB2208A43600665E4A /* LoginViewController.swift in Sources */ = {isa = PBXBuildFile; fileRef = 7A74C5CA2208A43600665E4A /* LoginViewController.swift */; };
		7A74C5CF2208A44500665E4A /* PortfolioTableViewCell.swift in Sources */ = {isa = PBXBuildFile; fileRef = 7A74C5CC2208A44400665E4A /* PortfolioTableViewCell.swift */; };
		7A74C5D12208A44500665E4A /* PortfolioTableViewController.swift in Sources */ = {isa = PBXBuildFile; fileRef = 7A74C5CE2208A44500665E4A /* PortfolioTableViewController.swift */; };
/* End PBXBuildFile section */

/* Begin PBXFileReference section */
		7A09DF042208A8AE0043A1DD /* PortfolioController.swift */ = {isa = PBXFileReference; fileEncoding = 4; lastKnownFileType = sourcecode.swift; path = PortfolioController.swift; sourceTree = "<group>"; };
		7A09DF072208AA1A0043A1DD /* VarelaRound-Regular.ttf */ = {isa = PBXFileReference; lastKnownFileType = file; path = "VarelaRound-Regular.ttf"; sourceTree = "<group>"; };
		7A09DF092208AAEA0043A1DD /* AppearanceHelper.swift */ = {isa = PBXFileReference; lastKnownFileType = sourcecode.swift; path = AppearanceHelper.swift; sourceTree = "<group>"; };
		7A09DF0B2208ACDA0043A1DD /* WelcomeViewController.swift */ = {isa = PBXFileReference; lastKnownFileType = sourcecode.swift; path = WelcomeViewController.swift; sourceTree = "<group>"; };
		7A09DF0D2208CEF70043A1DD /* DetailViewController.swift */ = {isa = PBXFileReference; lastKnownFileType = sourcecode.swift; path = DetailViewController.swift; sourceTree = "<group>"; };
		7A09DF0F2209051D0043A1DD /* SignupViewController.swift */ = {isa = PBXFileReference; lastKnownFileType = sourcecode.swift; path = SignupViewController.swift; sourceTree = "<group>"; };
		7A09DF11220906EA0043A1DD /* Posts.swift */ = {isa = PBXFileReference; lastKnownFileType = sourcecode.swift; path = Posts.swift; sourceTree = "<group>"; };
		7A09DF132209C1160043A1DD /* PortfolioCellDelegate.swift */ = {isa = PBXFileReference; lastKnownFileType = sourcecode.swift; path = PortfolioCellDelegate.swift; sourceTree = "<group>"; };
		7A74C58C220890A700665E4A /* ArtPortfolio.app */ = {isa = PBXFileReference; explicitFileType = wrapper.application; includeInIndex = 0; path = ArtPortfolio.app; sourceTree = BUILT_PRODUCTS_DIR; };
		7A74C58F220890A700665E4A /* AppDelegate.swift */ = {isa = PBXFileReference; lastKnownFileType = sourcecode.swift; path = AppDelegate.swift; sourceTree = "<group>"; };
		7A74C596220890AB00665E4A /* Assets.xcassets */ = {isa = PBXFileReference; lastKnownFileType = folder.assetcatalog; path = Assets.xcassets; sourceTree = "<group>"; };
		7A74C599220890AB00665E4A /* Base */ = {isa = PBXFileReference; lastKnownFileType = file.storyboard; name = Base; path = Base.lproj/LaunchScreen.storyboard; sourceTree = "<group>"; };
		7A74C59B220890AB00665E4A /* Info.plist */ = {isa = PBXFileReference; lastKnownFileType = text.plist.xml; path = Info.plist; sourceTree = "<group>"; };
		7A74C5C22208A3B700665E4A /* Main.storyboard */ = {isa = PBXFileReference; fileEncoding = 4; lastKnownFileType = file.storyboard; path = Main.storyboard; sourceTree = "<group>"; };
		7A74C5C52208A41A00665E4A /* Users.swift */ = {isa = PBXFileReference; fileEncoding = 4; lastKnownFileType = sourcecode.swift; path = Users.swift; sourceTree = "<group>"; };
		7A74C5C62208A41A00665E4A /* Portfolio.swift */ = {isa = PBXFileReference; fileEncoding = 4; lastKnownFileType = sourcecode.swift; path = Portfolio.swift; sourceTree = "<group>"; };
		7A74C5CA2208A43600665E4A /* LoginViewController.swift */ = {isa = PBXFileReference; fileEncoding = 4; lastKnownFileType = sourcecode.swift; path = LoginViewController.swift; sourceTree = "<group>"; };
		7A74C5CC2208A44400665E4A /* PortfolioTableViewCell.swift */ = {isa = PBXFileReference; fileEncoding = 4; lastKnownFileType = sourcecode.swift; path = PortfolioTableViewCell.swift; sourceTree = "<group>"; };
		7A74C5CE2208A44500665E4A /* PortfolioTableViewController.swift */ = {isa = PBXFileReference; fileEncoding = 4; lastKnownFileType = sourcecode.swift; path = PortfolioTableViewController.swift; sourceTree = "<group>"; };
/* End PBXFileReference section */

/* Begin PBXFrameworksBuildPhase section */
		7A74C589220890A700665E4A /* Frameworks */ = {
			isa = PBXFrameworksBuildPhase;
			buildActionMask = 2147483647;
			files = (
			);
			runOnlyForDeploymentPostprocessing = 0;
		};
/* End PBXFrameworksBuildPhase section */

/* Begin PBXGroup section */
		7A09DF012208A80B0043A1DD /* Views */ = {
			isa = PBXGroup;
			children = (
				7A74C5CC2208A44400665E4A /* PortfolioTableViewCell.swift */,
			);
			path = Views;
			sourceTree = "<group>";
		};
		7A09DF062208A8BF0043A1DD /* Model Controllers */ = {
			isa = PBXGroup;
			children = (
				7A09DF042208A8AE0043A1DD /* PortfolioController.swift */,
			);
			path = "Model Controllers";
			sourceTree = "<group>";
		};
		7A74C583220890A700665E4A = {
			isa = PBXGroup;
			children = (
				7A74C58E220890A700665E4A /* ArtPortfolio */,
				7A74C58D220890A700665E4A /* Products */,
			);
			sourceTree = "<group>";
		};
		7A74C58D220890A700665E4A /* Products */ = {
			isa = PBXGroup;
			children = (
				7A74C58C220890A700665E4A /* ArtPortfolio.app */,
			);
			name = Products;
			sourceTree = "<group>";
		};
		7A74C58E220890A700665E4A /* ArtPortfolio */ = {
			isa = PBXGroup;
			children = (
				7A74C58F220890A700665E4A /* AppDelegate.swift */,
				7A09DF092208AAEA0043A1DD /* AppearanceHelper.swift */,
				7A09DF132209C1160043A1DD /* PortfolioCellDelegate.swift */,
				7A74C5C42208A41A00665E4A /* Model */,
				7A09DF062208A8BF0043A1DD /* Model Controllers */,
				7A09DF012208A80B0043A1DD /* Views */,
				7A74C5C92208A43600665E4A /* View Controllers */,
				7A74C5C22208A3B700665E4A /* Main.storyboard */,
				7A74C596220890AB00665E4A /* Assets.xcassets */,
				7A74C598220890AB00665E4A /* LaunchScreen.storyboard */,
				7A74C59B220890AB00665E4A /* Info.plist */,
				7A09DF072208AA1A0043A1DD /* VarelaRound-Regular.ttf */,
			);
			path = ArtPortfolio;
			sourceTree = "<group>";
		};
		7A74C5C42208A41A00665E4A /* Model */ = {
			isa = PBXGroup;
			children = (
				7A74C5C52208A41A00665E4A /* Users.swift */,
				7A09DF11220906EA0043A1DD /* Posts.swift */,
				7A74C5C62208A41A00665E4A /* Portfolio.swift */,
			);
			path = Model;
			sourceTree = "<group>";
		};
		7A74C5C92208A43600665E4A /* View Controllers */ = {
			isa = PBXGroup;
			children = (
				7A09DF0B2208ACDA0043A1DD /* WelcomeViewController.swift */,
				7A74C5CA2208A43600665E4A /* LoginViewController.swift */,
				7A09DF0F2209051D0043A1DD /* SignupViewController.swift */,
				7A74C5CE2208A44500665E4A /* PortfolioTableViewController.swift */,
				7A09DF0D2208CEF70043A1DD /* DetailViewController.swift */,
			);
			path = "View Controllers";
			sourceTree = "<group>";
		};
/* End PBXGroup section */

/* Begin PBXNativeTarget section */
		7A74C58B220890A700665E4A /* ArtPortfolio */ = {
			isa = PBXNativeTarget;
			buildConfigurationList = 7A74C59E220890AB00665E4A /* Build configuration list for PBXNativeTarget "ArtPortfolio" */;
			buildPhases = (
				7A74C588220890A700665E4A /* Sources */,
				7A74C589220890A700665E4A /* Frameworks */,
				7A74C58A220890A700665E4A /* Resources */,
			);
			buildRules = (
			);
			dependencies = (
			);
			name = ArtPortfolio;
			productName = ArtPortfolio;
			productReference = 7A74C58C220890A700665E4A /* ArtPortfolio.app */;
			productType = "com.apple.product-type.application";
		};
/* End PBXNativeTarget section */

/* Begin PBXProject section */
		7A74C584220890A700665E4A /* Project object */ = {
			isa = PBXProject;
			attributes = {
				LastSwiftUpdateCheck = 1010;
				LastUpgradeCheck = 1010;
				ORGANIZATIONNAME = "Nelson Gonzalez";
				TargetAttributes = {
					7A74C58B220890A700665E4A = {
						CreatedOnToolsVersion = 10.1;
					};
				};
			};
			buildConfigurationList = 7A74C587220890A700665E4A /* Build configuration list for PBXProject "ArtPortfolio" */;
			compatibilityVersion = "Xcode 9.3";
			developmentRegion = en;
			hasScannedForEncodings = 0;
			knownRegions = (
				en,
				Base,
			);
			mainGroup = 7A74C583220890A700665E4A;
			productRefGroup = 7A74C58D220890A700665E4A /* Products */;
			projectDirPath = "";
			projectRoot = "";
			targets = (
				7A74C58B220890A700665E4A /* ArtPortfolio */,
			);
		};
/* End PBXProject section */

/* Begin PBXResourcesBuildPhase section */
		7A74C58A220890A700665E4A /* Resources */ = {
			isa = PBXResourcesBuildPhase;
			buildActionMask = 2147483647;
			files = (
				7A74C59A220890AB00665E4A /* LaunchScreen.storyboard in Resources */,
				7A09DF082208AA1A0043A1DD /* VarelaRound-Regular.ttf in Resources */,
				7A74C597220890AB00665E4A /* Assets.xcassets in Resources */,
				7A74C5C32208A3B700665E4A /* Main.storyboard in Resources */,
			);
			runOnlyForDeploymentPostprocessing = 0;
		};
/* End PBXResourcesBuildPhase section */

/* Begin PBXSourcesBuildPhase section */
		7A74C588220890A700665E4A /* Sources */ = {
			isa = PBXSourcesBuildPhase;
			buildActionMask = 2147483647;
			files = (
				7A09DF0C2208ACDA0043A1DD /* WelcomeViewController.swift in Sources */,
				7A74C5C82208A41A00665E4A /* Portfolio.swift in Sources */,
				7A09DF102209051D0043A1DD /* SignupViewController.swift in Sources */,
				7A09DF12220906EA0043A1DD /* Posts.swift in Sources */,
				7A09DF0A2208AAEA0043A1DD /* AppearanceHelper.swift in Sources */,
				7A74C5D12208A44500665E4A /* PortfolioTableViewController.swift in Sources */,
				7A74C5C72208A41A00665E4A /* Users.swift in Sources */,
				7A74C5CB2208A43600665E4A /* LoginViewController.swift in Sources */,
				7A09DF142209C1160043A1DD /* PortfolioCellDelegate.swift in Sources */,
				7A09DF052208A8AE0043A1DD /* PortfolioController.swift in Sources */,
				7A09DF0E2208CEF70043A1DD /* DetailViewController.swift in Sources */,
				7A74C5CF2208A44500665E4A /* PortfolioTableViewCell.swift in Sources */,
				7A74C590220890A700665E4A /* AppDelegate.swift in Sources */,
			);
			runOnlyForDeploymentPostprocessing = 0;
		};
/* End PBXSourcesBuildPhase section */

/* Begin PBXVariantGroup section */
		7A74C598220890AB00665E4A /* LaunchScreen.storyboard */ = {
			isa = PBXVariantGroup;
			children = (
				7A74C599220890AB00665E4A /* Base */,
			);
			name = LaunchScreen.storyboard;
			sourceTree = "<group>";
		};
/* End PBXVariantGroup section */

/* Begin XCBuildConfiguration section */
		7A74C59C220890AB00665E4A /* Debug */ = {
			isa = XCBuildConfiguration;
			buildSettings = {
				ALWAYS_SEARCH_USER_PATHS = NO;
				CLANG_ANALYZER_NONNULL = YES;
				CLANG_ANALYZER_NUMBER_OBJECT_CONVERSION = YES_AGGRESSIVE;
				CLANG_CXX_LANGUAGE_STANDARD = "gnu++14";
				CLANG_CXX_LIBRARY = "libc++";
				CLANG_ENABLE_MODULES = YES;
				CLANG_ENABLE_OBJC_ARC = YES;
				CLANG_ENABLE_OBJC_WEAK = YES;
				CLANG_WARN_BLOCK_CAPTURE_AUTORELEASING = YES;
				CLANG_WARN_BOOL_CONVERSION = YES;
				CLANG_WARN_COMMA = YES;
				CLANG_WARN_CONSTANT_CONVERSION = YES;
				CLANG_WARN_DEPRECATED_OBJC_IMPLEMENTATIONS = YES;
				CLANG_WARN_DIRECT_OBJC_ISA_USAGE = YES_ERROR;
				CLANG_WARN_DOCUMENTATION_COMMENTS = YES;
				CLANG_WARN_EMPTY_BODY = YES;
				CLANG_WARN_ENUM_CONVERSION = YES;
				CLANG_WARN_INFINITE_RECURSION = YES;
				CLANG_WARN_INT_CONVERSION = YES;
				CLANG_WARN_NON_LITERAL_NULL_CONVERSION = YES;
				CLANG_WARN_OBJC_IMPLICIT_RETAIN_SELF = YES;
				CLANG_WARN_OBJC_LITERAL_CONVERSION = YES;
				CLANG_WARN_OBJC_ROOT_CLASS = YES_ERROR;
				CLANG_WARN_RANGE_LOOP_ANALYSIS = YES;
				CLANG_WARN_STRICT_PROTOTYPES = YES;
				CLANG_WARN_SUSPICIOUS_MOVE = YES;
				CLANG_WARN_UNGUARDED_AVAILABILITY = YES_AGGRESSIVE;
				CLANG_WARN_UNREACHABLE_CODE = YES;
				CLANG_WARN__DUPLICATE_METHOD_MATCH = YES;
				CODE_SIGN_IDENTITY = "iPhone Developer";
				COPY_PHASE_STRIP = NO;
				DEBUG_INFORMATION_FORMAT = dwarf;
				ENABLE_STRICT_OBJC_MSGSEND = YES;
				ENABLE_TESTABILITY = YES;
				GCC_C_LANGUAGE_STANDARD = gnu11;
				GCC_DYNAMIC_NO_PIC = NO;
				GCC_NO_COMMON_BLOCKS = YES;
				GCC_OPTIMIZATION_LEVEL = 0;
				GCC_PREPROCESSOR_DEFINITIONS = (
					"DEBUG=1",
					"$(inherited)",
				);
				GCC_WARN_64_TO_32_BIT_CONVERSION = YES;
				GCC_WARN_ABOUT_RETURN_TYPE = YES_ERROR;
				GCC_WARN_UNDECLARED_SELECTOR = YES;
				GCC_WARN_UNINITIALIZED_AUTOS = YES_AGGRESSIVE;
				GCC_WARN_UNUSED_FUNCTION = YES;
				GCC_WARN_UNUSED_VARIABLE = YES;
				IPHONEOS_DEPLOYMENT_TARGET = 12.1;
				MTL_ENABLE_DEBUG_INFO = INCLUDE_SOURCE;
				MTL_FAST_MATH = YES;
				ONLY_ACTIVE_ARCH = YES;
				SDKROOT = iphoneos;
				SWIFT_ACTIVE_COMPILATION_CONDITIONS = DEBUG;
				SWIFT_OPTIMIZATION_LEVEL = "-Onone";
			};
			name = Debug;
		};
		7A74C59D220890AB00665E4A /* Release */ = {
			isa = XCBuildConfiguration;
			buildSettings = {
				ALWAYS_SEARCH_USER_PATHS = NO;
				CLANG_ANALYZER_NONNULL = YES;
				CLANG_ANALYZER_NUMBER_OBJECT_CONVERSION = YES_AGGRESSIVE;
				CLANG_CXX_LANGUAGE_STANDARD = "gnu++14";
				CLANG_CXX_LIBRARY = "libc++";
				CLANG_ENABLE_MODULES = YES;
				CLANG_ENABLE_OBJC_ARC = YES;
				CLANG_ENABLE_OBJC_WEAK = YES;
				CLANG_WARN_BLOCK_CAPTURE_AUTORELEASING = YES;
				CLANG_WARN_BOOL_CONVERSION = YES;
				CLANG_WARN_COMMA = YES;
				CLANG_WARN_CONSTANT_CONVERSION = YES;
				CLANG_WARN_DEPRECATED_OBJC_IMPLEMENTATIONS = YES;
				CLANG_WARN_DIRECT_OBJC_ISA_USAGE = YES_ERROR;
				CLANG_WARN_DOCUMENTATION_COMMENTS = YES;
				CLANG_WARN_EMPTY_BODY = YES;
				CLANG_WARN_ENUM_CONVERSION = YES;
				CLANG_WARN_INFINITE_RECURSION = YES;
				CLANG_WARN_INT_CONVERSION = YES;
				CLANG_WARN_NON_LITERAL_NULL_CONVERSION = YES;
				CLANG_WARN_OBJC_IMPLICIT_RETAIN_SELF = YES;
				CLANG_WARN_OBJC_LITERAL_CONVERSION = YES;
				CLANG_WARN_OBJC_ROOT_CLASS = YES_ERROR;
				CLANG_WARN_RANGE_LOOP_ANALYSIS = YES;
				CLANG_WARN_STRICT_PROTOTYPES = YES;
				CLANG_WARN_SUSPICIOUS_MOVE = YES;
				CLANG_WARN_UNGUARDED_AVAILABILITY = YES_AGGRESSIVE;
				CLANG_WARN_UNREACHABLE_CODE = YES;
				CLANG_WARN__DUPLICATE_METHOD_MATCH = YES;
				CODE_SIGN_IDENTITY = "iPhone Developer";
				COPY_PHASE_STRIP = NO;
				DEBUG_INFORMATION_FORMAT = "dwarf-with-dsym";
				ENABLE_NS_ASSERTIONS = NO;
				ENABLE_STRICT_OBJC_MSGSEND = YES;
				GCC_C_LANGUAGE_STANDARD = gnu11;
				GCC_NO_COMMON_BLOCKS = YES;
				GCC_WARN_64_TO_32_BIT_CONVERSION = YES;
				GCC_WARN_ABOUT_RETURN_TYPE = YES_ERROR;
				GCC_WARN_UNDECLARED_SELECTOR = YES;
				GCC_WARN_UNINITIALIZED_AUTOS = YES_AGGRESSIVE;
				GCC_WARN_UNUSED_FUNCTION = YES;
				GCC_WARN_UNUSED_VARIABLE = YES;
				IPHONEOS_DEPLOYMENT_TARGET = 12.1;
				MTL_ENABLE_DEBUG_INFO = NO;
				MTL_FAST_MATH = YES;
				SDKROOT = iphoneos;
				SWIFT_COMPILATION_MODE = wholemodule;
				SWIFT_OPTIMIZATION_LEVEL = "-O";
				VALIDATE_PRODUCT = YES;
			};
			name = Release;
		};
		7A74C59F220890AB00665E4A /* Debug */ = {
			isa = XCBuildConfiguration;
			buildSettings = {
				ASSETCATALOG_COMPILER_APPICON_NAME = AppIcon;
				CODE_SIGN_STYLE = Automatic;
				DEVELOPMENT_TEAM = ZD9LN99SX6;
				INFOPLIST_FILE = ArtPortfolio/Info.plist;
				LD_RUNPATH_SEARCH_PATHS = (
					"$(inherited)",
					"@executable_path/Frameworks",
				);
				PRODUCT_BUNDLE_IDENTIFIER = com.nelsongonzalez.ArtPortfolio;
				PRODUCT_NAME = "$(TARGET_NAME)";
				SWIFT_VERSION = 4.2;
				TARGETED_DEVICE_FAMILY = "1,2";
			};
			name = Debug;
		};
		7A74C5A0220890AB00665E4A /* Release */ = {
			isa = XCBuildConfiguration;
			buildSettings = {
				ASSETCATALOG_COMPILER_APPICON_NAME = AppIcon;
				CODE_SIGN_STYLE = Automatic;
				DEVELOPMENT_TEAM = ZD9LN99SX6;
				INFOPLIST_FILE = ArtPortfolio/Info.plist;
				LD_RUNPATH_SEARCH_PATHS = (
					"$(inherited)",
					"@executable_path/Frameworks",
				);
				PRODUCT_BUNDLE_IDENTIFIER = com.nelsongonzalez.ArtPortfolio;
				PRODUCT_NAME = "$(TARGET_NAME)";
				SWIFT_VERSION = 4.2;
				TARGETED_DEVICE_FAMILY = "1,2";
			};
			name = Release;
		};
/* End XCBuildConfiguration section */

/* Begin XCConfigurationList section */
		7A74C587220890A700665E4A /* Build configuration list for PBXProject "ArtPortfolio" */ = {
			isa = XCConfigurationList;
			buildConfigurations = (
				7A74C59C220890AB00665E4A /* Debug */,
				7A74C59D220890AB00665E4A /* Release */,
			);
			defaultConfigurationIsVisible = 0;
			defaultConfigurationName = Release;
		};
		7A74C59E220890AB00665E4A /* Build configuration list for PBXNativeTarget "ArtPortfolio" */ = {
			isa = XCConfigurationList;
			buildConfigurations = (
				7A74C59F220890AB00665E4A /* Debug */,
				7A74C5A0220890AB00665E4A /* Release */,
			);
			defaultConfigurationIsVisible = 0;
			defaultConfigurationName = Release;
		};
/* End XCConfigurationList section */
	};
	rootObject = 7A74C584220890A700665E4A /* Project object */;
}
